
Microsoft Visual Studio Solution File, Format Version 12.00
# Visual Studio Version 16
VisualStudioVersion = 16.0.32630.194
MinimumVisualStudioVersion = 10.0.40219.1
Project("{FAE04EC0-301F-11D3-BF4B-00C04F79EFBC}") = "CalculApp", "CalculApp\CalculApp.csproj", "{737AA342-1A89-400A-8E69-5D94B65A14A5}"
EndProject
Project("{54435603-DBB4-11D2-8724-00A0C9A8B90C}") = "Instalador_calc", "Instalador_calc\Instalador_calc.vdproj", "{F7E2504F-9724-46A2-93C8-3F11044F3B61}"
EndProject
Global
	GlobalSection(SolutionConfigurationPlatforms) = preSolution
		Debug|Any CPU = Debug|Any CPU
		Release|Any CPU = Release|Any CPU
	EndGlobalSection
	GlobalSection(ProjectConfigurationPlatforms) = postSolution
		{737AA342-1A89-400A-8E69-5D94B65A14A5}.Debug|Any CPU.ActiveCfg = Debug|Any CPU
		{737AA342-1A89-400A-8E69-5D94B65A14A5}.Debug|Any CPU.Build.0 = Debug|Any CPU
		{737AA342-1A89-400A-8E69-5D94B65A14A5}.Release|Any CPU.ActiveCfg = Release|Any CPU
		{737AA342-1A89-400A-8E69-5D94B65A14A5}.Release|Any CPU.Build.0 = Release|Any CPU
		{F7E2504F-9724-46A2-93C8-3F11044F3B61}.Debug|Any CPU.ActiveCfg = Debug
		{F7E2504F-9724-46A2-93C8-3F11044F3B61}.Release|Any CPU.ActiveCfg = Release
	EndGlobalSection
	GlobalSection(SolutionProperties) = preSolution
		HideSolutionNode = FALSE
	EndGlobalSection
	GlobalSection(ExtensibilityGlobals) = postSolution
		SolutionGuid = {C1D2B9EE-DCF5-45A1-8E5D-3F3F91C21825}
	EndGlobalSection
EndGlobal
